// !$*UTF8*$!
{
	archiveVersion = 1;
	classes = {
	};
	objectVersion = 46;
	objects = {

/* Begin PBXBuildFile section */
		13501256B73C2192172D9F82 /* Pods_NewsDemo_swift.framework in Frameworks */ = {isa = PBXBuildFile; fileRef = 78CD2DD748E6A1D40E52FB7B /* Pods_NewsDemo_swift.framework */; };
		48E3F2624714DDAF22AC7EB4 /* Pods_NewsDemo_swiftTests.framework in Frameworks */ = {isa = PBXBuildFile; fileRef = C40CFFEA562C30DF00F04ED5 /* Pods_NewsDemo_swiftTests.framework */; };
		D9CAF358C9B527B274EB0ABC /* Pods_NewsDemo_swiftUITests.framework in Frameworks */ = {isa = PBXBuildFile; fileRef = 5AF6BE19E35880EE344ADCAF /* Pods_NewsDemo_swiftUITests.framework */; };
		DA24D1FC1D40F423009E5E87 /* AppDelegate.swift in Sources */ = {isa = PBXBuildFile; fileRef = DA24D1FB1D40F423009E5E87 /* AppDelegate.swift */; };
		DA24D1FE1D40F423009E5E87 /* ViewController.swift in Sources */ = {isa = PBXBuildFile; fileRef = DA24D1FD1D40F423009E5E87 /* ViewController.swift */; };
		DA24D2011D40F423009E5E87 /* Main.storyboard in Resources */ = {isa = PBXBuildFile; fileRef = DA24D1FF1D40F423009E5E87 /* Main.storyboard */; };
		DA24D2031D40F423009E5E87 /* Assets.xcassets in Resources */ = {isa = PBXBuildFile; fileRef = DA24D2021D40F423009E5E87 /* Assets.xcassets */; };
		DA24D2061D40F423009E5E87 /* LaunchScreen.storyboard in Resources */ = {isa = PBXBuildFile; fileRef = DA24D2041D40F423009E5E87 /* LaunchScreen.storyboard */; };
		DA24D2111D40F423009E5E87 /* NewsDemo_swiftTests.swift in Sources */ = {isa = PBXBuildFile; fileRef = DA24D2101D40F423009E5E87 /* NewsDemo_swiftTests.swift */; };
		DA24D21C1D40F423009E5E87 /* NewsDemo_swiftUITests.swift in Sources */ = {isa = PBXBuildFile; fileRef = DA24D21B1D40F423009E5E87 /* NewsDemo_swiftUITests.swift */; };
		DA24D22B1D417ADE009E5E87 /* 设置环境 in Resources */ = {isa = PBXBuildFile; fileRef = DA24D22A1D417ADE009E5E87 /* 设置环境 */; };
		DA24D22D1D417F90009E5E87 /* DemoViewController.swift in Sources */ = {isa = PBXBuildFile; fileRef = DA24D22C1D417F90009E5E87 /* DemoViewController.swift */; };
		DA24D22F1D41809C009E5E87 /* TestViewController.swift in Sources */ = {isa = PBXBuildFile; fileRef = DA24D22E1D41809C009E5E87 /* TestViewController.swift */; };
		E1749D861D41A8A300D78F9A /* SnapTableViewCell.swift in Sources */ = {isa = PBXBuildFile; fileRef = E1749D851D41A8A300D78F9A /* SnapTableViewCell.swift */; };
		E1749D881D41B39500D78F9A /* ImageTableViewCell.swift in Sources */ = {isa = PBXBuildFile; fileRef = E1749D871D41B39500D78F9A /* ImageTableViewCell.swift */; };
		E1749D8A1D41B3B700D78F9A /* SmallImageTableViewCell.swift in Sources */ = {isa = PBXBuildFile; fileRef = E1749D891D41B3B700D78F9A /* SmallImageTableViewCell.swift */; };
		E1749D8C1D41F43800D78F9A /* ScrollImageView.swift in Sources */ = {isa = PBXBuildFile; fileRef = E1749D8B1D41F43800D78F9A /* ScrollImageView.swift */; };
		E1749D8E1D4205D700D78F9A /* TitleSegment.swift in Sources */ = {isa = PBXBuildFile; fileRef = E1749D8D1D4205D700D78F9A /* TitleSegment.swift */; };
/* End PBXBuildFile section */

/* Begin PBXContainerItemProxy section */
		DA24D20D1D40F423009E5E87 /* PBXContainerItemProxy */ = {
			isa = PBXContainerItemProxy;
			containerPortal = DA24D1F01D40F422009E5E87 /* Project object */;
			proxyType = 1;
			remoteGlobalIDString = DA24D1F71D40F422009E5E87;
			remoteInfo = "NewsDemo-swift";
		};
		DA24D2181D40F423009E5E87 /* PBXContainerItemProxy */ = {
			isa = PBXContainerItemProxy;
			containerPortal = DA24D1F01D40F422009E5E87 /* Project object */;
			proxyType = 1;
			remoteGlobalIDString = DA24D1F71D40F422009E5E87;
			remoteInfo = "NewsDemo-swift";
		};
/* End PBXContainerItemProxy section */

/* Begin PBXFileReference section */
		00EDED58C6AB473575E35D8F /* Pods-NewsDemo-swiftTests.debug.xcconfig */ = {isa = PBXFileReference; includeInIndex = 1; lastKnownFileType = text.xcconfig; name = "Pods-NewsDemo-swiftTests.debug.xcconfig"; path = "Pods/Target Support Files/Pods-NewsDemo-swiftTests/Pods-NewsDemo-swiftTests.debug.xcconfig"; sourceTree = "<group>"; };
		3060B16B96735A7B1FAF62CA /* Pods-NewsDemo-swiftTests.release.xcconfig */ = {isa = PBXFileReference; includeInIndex = 1; lastKnownFileType = text.xcconfig; name = "Pods-NewsDemo-swiftTests.release.xcconfig"; path = "Pods/Target Support Files/Pods-NewsDemo-swiftTests/Pods-NewsDemo-swiftTests.release.xcconfig"; sourceTree = "<group>"; };
		5AF6BE19E35880EE344ADCAF /* Pods_NewsDemo_swiftUITests.framework */ = {isa = PBXFileReference; explicitFileType = wrapper.framework; includeInIndex = 0; path = Pods_NewsDemo_swiftUITests.framework; sourceTree = BUILT_PRODUCTS_DIR; };
		5CF22D3A63B02731CFDF44E8 /* Pods-NewsDemo-swiftUITests.debug.xcconfig */ = {isa = PBXFileReference; includeInIndex = 1; lastKnownFileType = text.xcconfig; name = "Pods-NewsDemo-swiftUITests.debug.xcconfig"; path = "Pods/Target Support Files/Pods-NewsDemo-swiftUITests/Pods-NewsDemo-swiftUITests.debug.xcconfig"; sourceTree = "<group>"; };
		6377C7F79F23D7B227417C02 /* Pods-NewsDemo-swiftUITests.release.xcconfig */ = {isa = PBXFileReference; includeInIndex = 1; lastKnownFileType = text.xcconfig; name = "Pods-NewsDemo-swiftUITests.release.xcconfig"; path = "Pods/Target Support Files/Pods-NewsDemo-swiftUITests/Pods-NewsDemo-swiftUITests.release.xcconfig"; sourceTree = "<group>"; };
		78CD2DD748E6A1D40E52FB7B /* Pods_NewsDemo_swift.framework */ = {isa = PBXFileReference; explicitFileType = wrapper.framework; includeInIndex = 0; path = Pods_NewsDemo_swift.framework; sourceTree = BUILT_PRODUCTS_DIR; };
		C40CFFEA562C30DF00F04ED5 /* Pods_NewsDemo_swiftTests.framework */ = {isa = PBXFileReference; explicitFileType = wrapper.framework; includeInIndex = 0; path = Pods_NewsDemo_swiftTests.framework; sourceTree = BUILT_PRODUCTS_DIR; };
		DA24D1F81D40F422009E5E87 /* NewsDemo-swift.app */ = {isa = PBXFileReference; explicitFileType = wrapper.application; includeInIndex = 0; path = "NewsDemo-swift.app"; sourceTree = BUILT_PRODUCTS_DIR; };
		DA24D1FB1D40F423009E5E87 /* AppDelegate.swift */ = {isa = PBXFileReference; lastKnownFileType = sourcecode.swift; path = AppDelegate.swift; sourceTree = "<group>"; };
		DA24D1FD1D40F423009E5E87 /* ViewController.swift */ = {isa = PBXFileReference; lastKnownFileType = sourcecode.swift; path = ViewController.swift; sourceTree = "<group>"; };
		DA24D2001D40F423009E5E87 /* Base */ = {isa = PBXFileReference; lastKnownFileType = file.storyboard; name = Base; path = Base.lproj/Main.storyboard; sourceTree = "<group>"; };
		DA24D2021D40F423009E5E87 /* Assets.xcassets */ = {isa = PBXFileReference; lastKnownFileType = folder.assetcatalog; path = Assets.xcassets; sourceTree = "<group>"; };
		DA24D2051D40F423009E5E87 /* Base */ = {isa = PBXFileReference; lastKnownFileType = file.storyboard; name = Base; path = Base.lproj/LaunchScreen.storyboard; sourceTree = "<group>"; };
		DA24D2071D40F423009E5E87 /* Info.plist */ = {isa = PBXFileReference; lastKnownFileType = text.plist.xml; path = Info.plist; sourceTree = "<group>"; };
		DA24D20C1D40F423009E5E87 /* NewsDemo-swiftTests.xctest */ = {isa = PBXFileReference; explicitFileType = wrapper.cfbundle; includeInIndex = 0; path = "NewsDemo-swiftTests.xctest"; sourceTree = BUILT_PRODUCTS_DIR; };
		DA24D2101D40F423009E5E87 /* NewsDemo_swiftTests.swift */ = {isa = PBXFileReference; lastKnownFileType = sourcecode.swift; path = NewsDemo_swiftTests.swift; sourceTree = "<group>"; };
		DA24D2121D40F423009E5E87 /* Info.plist */ = {isa = PBXFileReference; lastKnownFileType = text.plist.xml; path = Info.plist; sourceTree = "<group>"; };
		DA24D2171D40F423009E5E87 /* NewsDemo-swiftUITests.xctest */ = {isa = PBXFileReference; explicitFileType = wrapper.cfbundle; includeInIndex = 0; path = "NewsDemo-swiftUITests.xctest"; sourceTree = BUILT_PRODUCTS_DIR; };
		DA24D21B1D40F423009E5E87 /* NewsDemo_swiftUITests.swift */ = {isa = PBXFileReference; lastKnownFileType = sourcecode.swift; path = NewsDemo_swiftUITests.swift; sourceTree = "<group>"; };
		DA24D21D1D40F423009E5E87 /* Info.plist */ = {isa = PBXFileReference; lastKnownFileType = text.plist.xml; path = Info.plist; sourceTree = "<group>"; };
		DA24D22A1D417ADE009E5E87 /* 设置环境 */ = {isa = PBXFileReference; fileEncoding = 4; lastKnownFileType = text; path = "设置环境"; sourceTree = "<group>"; };
		DA24D22C1D417F90009E5E87 /* DemoViewController.swift */ = {isa = PBXFileReference; fileEncoding = 4; lastKnownFileType = sourcecode.swift; path = DemoViewController.swift; sourceTree = "<group>"; };
		DA24D22E1D41809C009E5E87 /* TestViewController.swift */ = {isa = PBXFileReference; fileEncoding = 4; lastKnownFileType = sourcecode.swift; path = TestViewController.swift; sourceTree = "<group>"; };
		E02BC2804F579D03DC83A95D /* Pods-NewsDemo-swift.debug.xcconfig */ = {isa = PBXFileReference; includeInIndex = 1; lastKnownFileType = text.xcconfig; name = "Pods-NewsDemo-swift.debug.xcconfig"; path = "Pods/Target Support Files/Pods-NewsDemo-swift/Pods-NewsDemo-swift.debug.xcconfig"; sourceTree = "<group>"; };
		E1749D851D41A8A300D78F9A /* SnapTableViewCell.swift */ = {isa = PBXFileReference; fileEncoding = 4; lastKnownFileType = sourcecode.swift; path = SnapTableViewCell.swift; sourceTree = "<group>"; };
		E1749D871D41B39500D78F9A /* ImageTableViewCell.swift */ = {isa = PBXFileReference; fileEncoding = 4; lastKnownFileType = sourcecode.swift; path = ImageTableViewCell.swift; sourceTree = "<group>"; };
		E1749D891D41B3B700D78F9A /* SmallImageTableViewCell.swift */ = {isa = PBXFileReference; fileEncoding = 4; lastKnownFileType = sourcecode.swift; path = SmallImageTableViewCell.swift; sourceTree = "<group>"; };
		E1749D8B1D41F43800D78F9A /* ScrollImageView.swift */ = {isa = PBXFileReference; fileEncoding = 4; lastKnownFileType = sourcecode.swift; path = ScrollImageView.swift; sourceTree = "<group>"; };
		E1749D8D1D4205D700D78F9A /* TitleSegment.swift */ = {isa = PBXFileReference; fileEncoding = 4; lastKnownFileType = sourcecode.swift; path = TitleSegment.swift; sourceTree = "<group>"; };
		E44AB9B90D16912E828AC6DE /* Pods-NewsDemo-swift.release.xcconfig */ = {isa = PBXFileReference; includeInIndex = 1; lastKnownFileType = text.xcconfig; name = "Pods-NewsDemo-swift.release.xcconfig"; path = "Pods/Target Support Files/Pods-NewsDemo-swift/Pods-NewsDemo-swift.release.xcconfig"; sourceTree = "<group>"; };
/* End PBXFileReference section */

/* Begin PBXFrameworksBuildPhase section */
		DA24D1F51D40F422009E5E87 /* Frameworks */ = {
			isa = PBXFrameworksBuildPhase;
			buildActionMask = 2147483647;
			files = (
				13501256B73C2192172D9F82 /* Pods_NewsDemo_swift.framework in Frameworks */,
			);
			runOnlyForDeploymentPostprocessing = 0;
		};
		DA24D2091D40F423009E5E87 /* Frameworks */ = {
			isa = PBXFrameworksBuildPhase;
			buildActionMask = 2147483647;
			files = (
				48E3F2624714DDAF22AC7EB4 /* Pods_NewsDemo_swiftTests.framework in Frameworks */,
			);
			runOnlyForDeploymentPostprocessing = 0;
		};
		DA24D2141D40F423009E5E87 /* Frameworks */ = {
			isa = PBXFrameworksBuildPhase;
			buildActionMask = 2147483647;
			files = (
				D9CAF358C9B527B274EB0ABC /* Pods_NewsDemo_swiftUITests.framework in Frameworks */,
			);
			runOnlyForDeploymentPostprocessing = 0;
		};
/* End PBXFrameworksBuildPhase section */

/* Begin PBXGroup section */
		010571A480B03A896442F5C2 /* Pods */ = {
			isa = PBXGroup;
			children = (
				E02BC2804F579D03DC83A95D /* Pods-NewsDemo-swift.debug.xcconfig */,
				E44AB9B90D16912E828AC6DE /* Pods-NewsDemo-swift.release.xcconfig */,
				00EDED58C6AB473575E35D8F /* Pods-NewsDemo-swiftTests.debug.xcconfig */,
				3060B16B96735A7B1FAF62CA /* Pods-NewsDemo-swiftTests.release.xcconfig */,
				5CF22D3A63B02731CFDF44E8 /* Pods-NewsDemo-swiftUITests.debug.xcconfig */,
				6377C7F79F23D7B227417C02 /* Pods-NewsDemo-swiftUITests.release.xcconfig */,
			);
			name = Pods;
			sourceTree = "<group>";
		};
		554FBB0FC5110088734AF234 /* Frameworks */ = {
			isa = PBXGroup;
			children = (
				78CD2DD748E6A1D40E52FB7B /* Pods_NewsDemo_swift.framework */,
				C40CFFEA562C30DF00F04ED5 /* Pods_NewsDemo_swiftTests.framework */,
				5AF6BE19E35880EE344ADCAF /* Pods_NewsDemo_swiftUITests.framework */,
			);
			name = Frameworks;
			sourceTree = "<group>";
		};
		DA24D1EF1D40F422009E5E87 = {
			isa = PBXGroup;
			children = (
				DA24D1FA1D40F423009E5E87 /* NewsDemo-swift */,
				DA24D20F1D40F423009E5E87 /* NewsDemo-swiftTests */,
				DA24D21A1D40F423009E5E87 /* NewsDemo-swiftUITests */,
				DA24D1F91D40F422009E5E87 /* Products */,
				010571A480B03A896442F5C2 /* Pods */,
				554FBB0FC5110088734AF234 /* Frameworks */,
				DA24D2291D417A49009E5E87 /* config */,
			);
			sourceTree = "<group>";
		};
		DA24D1F91D40F422009E5E87 /* Products */ = {
			isa = PBXGroup;
			children = (
				DA24D1F81D40F422009E5E87 /* NewsDemo-swift.app */,
				DA24D20C1D40F423009E5E87 /* NewsDemo-swiftTests.xctest */,
				DA24D2171D40F423009E5E87 /* NewsDemo-swiftUITests.xctest */,
			);
			name = Products;
			sourceTree = "<group>";
		};
		DA24D1FA1D40F423009E5E87 /* NewsDemo-swift */ = {
			isa = PBXGroup;
			children = (
				DA24D1FB1D40F423009E5E87 /* AppDelegate.swift */,
				DA24D1FD1D40F423009E5E87 /* ViewController.swift */,
				DA24D1FF1D40F423009E5E87 /* Main.storyboard */,
				DA24D2021D40F423009E5E87 /* Assets.xcassets */,
				DA24D2041D40F423009E5E87 /* LaunchScreen.storyboard */,
				DA24D2071D40F423009E5E87 /* Info.plist */,
				DA24D22C1D417F90009E5E87 /* DemoViewController.swift */,
				DA24D22E1D41809C009E5E87 /* TestViewController.swift */,
				E1749D851D41A8A300D78F9A /* SnapTableViewCell.swift */,
				E1749D871D41B39500D78F9A /* ImageTableViewCell.swift */,
				E1749D891D41B3B700D78F9A /* SmallImageTableViewCell.swift */,
				E1749D8B1D41F43800D78F9A /* ScrollImageView.swift */,
				E1749D8D1D4205D700D78F9A /* TitleSegment.swift */,
			);
			path = "NewsDemo-swift";
			sourceTree = "<group>";
		};
		DA24D20F1D40F423009E5E87 /* NewsDemo-swiftTests */ = {
			isa = PBXGroup;
			children = (
				DA24D2101D40F423009E5E87 /* NewsDemo_swiftTests.swift */,
				DA24D2121D40F423009E5E87 /* Info.plist */,
			);
			path = "NewsDemo-swiftTests";
			sourceTree = "<group>";
		};
		DA24D21A1D40F423009E5E87 /* NewsDemo-swiftUITests */ = {
			isa = PBXGroup;
			children = (
				DA24D21B1D40F423009E5E87 /* NewsDemo_swiftUITests.swift */,
				DA24D21D1D40F423009E5E87 /* Info.plist */,
			);
			path = "NewsDemo-swiftUITests";
			sourceTree = "<group>";
		};
		DA24D2291D417A49009E5E87 /* config */ = {
			isa = PBXGroup;
			children = (
				DA24D22A1D417ADE009E5E87 /* 设置环境 */,
			);
			path = config;
			sourceTree = "<group>";
		};
/* End PBXGroup section */

/* Begin PBXNativeTarget section */
		DA24D1F71D40F422009E5E87 /* NewsDemo-swift */ = {
			isa = PBXNativeTarget;
			buildConfigurationList = DA24D2201D40F423009E5E87 /* Build configuration list for PBXNativeTarget "NewsDemo-swift" */;
			buildPhases = (
				5B9A4EACB7293D017A9C42DA /* [CP] Check Pods Manifest.lock */,
				DA24D1F41D40F422009E5E87 /* Sources */,
				DA24D1F51D40F422009E5E87 /* Frameworks */,
				DA24D1F61D40F422009E5E87 /* Resources */,
				299E692CAF0232F31CB7396F /* [CP] Embed Pods Frameworks */,
				7ED7583500B26664A7A08D48 /* [CP] Copy Pods Resources */,
			);
			buildRules = (
			);
			dependencies = (
			);
			name = "NewsDemo-swift";
			productName = "NewsDemo-swift";
			productReference = DA24D1F81D40F422009E5E87 /* NewsDemo-swift.app */;
			productType = "com.apple.product-type.application";
		};
		DA24D20B1D40F423009E5E87 /* NewsDemo-swiftTests */ = {
			isa = PBXNativeTarget;
			buildConfigurationList = DA24D2231D40F423009E5E87 /* Build configuration list for PBXNativeTarget "NewsDemo-swiftTests" */;
			buildPhases = (
				65A39F04F996346614241417 /* [CP] Check Pods Manifest.lock */,
				DA24D2081D40F423009E5E87 /* Sources */,
				DA24D2091D40F423009E5E87 /* Frameworks */,
				DA24D20A1D40F423009E5E87 /* Resources */,
				25E44368DF68EC49790A6311 /* [CP] Embed Pods Frameworks */,
				A7DCDC5ED3E17F2A88AEF0A6 /* [CP] Copy Pods Resources */,
			);
			buildRules = (
			);
			dependencies = (
				DA24D20E1D40F423009E5E87 /* PBXTargetDependency */,
			);
			name = "NewsDemo-swiftTests";
			productName = "NewsDemo-swiftTests";
			productReference = DA24D20C1D40F423009E5E87 /* NewsDemo-swiftTests.xctest */;
			productType = "com.apple.product-type.bundle.unit-test";
		};
		DA24D2161D40F423009E5E87 /* NewsDemo-swiftUITests */ = {
			isa = PBXNativeTarget;
			buildConfigurationList = DA24D2261D40F423009E5E87 /* Build configuration list for PBXNativeTarget "NewsDemo-swiftUITests" */;
			buildPhases = (
				0613599ADC753FC012E164A4 /* [CP] Check Pods Manifest.lock */,
				DA24D2131D40F423009E5E87 /* Sources */,
				DA24D2141D40F423009E5E87 /* Frameworks */,
				DA24D2151D40F423009E5E87 /* Resources */,
				057E7AEAD233D3BA1034D977 /* [CP] Copy Pods Resources */,
			);
			buildRules = (
			);
			dependencies = (
				DA24D2191D40F423009E5E87 /* PBXTargetDependency */,
			);
			name = "NewsDemo-swiftUITests";
			productName = "NewsDemo-swiftUITests";
			productReference = DA24D2171D40F423009E5E87 /* NewsDemo-swiftUITests.xctest */;
			productType = "com.apple.product-type.bundle.ui-testing";
		};
/* End PBXNativeTarget section */

/* Begin PBXProject section */
		DA24D1F01D40F422009E5E87 /* Project object */ = {
			isa = PBXProject;
			attributes = {
				LastSwiftUpdateCheck = 0730;
				LastUpgradeCheck = 0730;
				ORGANIZATIONNAME = "黄 家金";
				TargetAttributes = {
					DA24D1F71D40F422009E5E87 = {
						CreatedOnToolsVersion = 7.3.1;
					};
					DA24D20B1D40F423009E5E87 = {
						CreatedOnToolsVersion = 7.3.1;
						TestTargetID = DA24D1F71D40F422009E5E87;
					};
					DA24D2161D40F423009E5E87 = {
						CreatedOnToolsVersion = 7.3.1;
						TestTargetID = DA24D1F71D40F422009E5E87;
					};
				};
			};
			buildConfigurationList = DA24D1F31D40F422009E5E87 /* Build configuration list for PBXProject "NewsDemo-swift" */;
			compatibilityVersion = "Xcode 3.2";
			developmentRegion = English;
			hasScannedForEncodings = 0;
			knownRegions = (
				en,
				Base,
			);
			mainGroup = DA24D1EF1D40F422009E5E87;
			productRefGroup = DA24D1F91D40F422009E5E87 /* Products */;
			projectDirPath = "";
			projectRoot = "";
			targets = (
				DA24D1F71D40F422009E5E87 /* NewsDemo-swift */,
				DA24D20B1D40F423009E5E87 /* NewsDemo-swiftTests */,
				DA24D2161D40F423009E5E87 /* NewsDemo-swiftUITests */,
			);
		};
/* End PBXProject section */

/* Begin PBXResourcesBuildPhase section */
		DA24D1F61D40F422009E5E87 /* Resources */ = {
			isa = PBXResourcesBuildPhase;
			buildActionMask = 2147483647;
			files = (
				DA24D2061D40F423009E5E87 /* LaunchScreen.storyboard in Resources */,
				DA24D2031D40F423009E5E87 /* Assets.xcassets in Resources */,
				DA24D22B1D417ADE009E5E87 /* 设置环境 in Resources */,
				DA24D2011D40F423009E5E87 /* Main.storyboard in Resources */,
			);
			runOnlyForDeploymentPostprocessing = 0;
		};
		DA24D20A1D40F423009E5E87 /* Resources */ = {
			isa = PBXResourcesBuildPhase;
			buildActionMask = 2147483647;
			files = (
			);
			runOnlyForDeploymentPostprocessing = 0;
		};
		DA24D2151D40F423009E5E87 /* Resources */ = {
			isa = PBXResourcesBuildPhase;
			buildActionMask = 2147483647;
			files = (
			);
			runOnlyForDeploymentPostprocessing = 0;
		};
/* End PBXResourcesBuildPhase section */

/* Begin PBXShellScriptBuildPhase section */
		057E7AEAD233D3BA1034D977 /* [CP] Copy Pods Resources */ = {
			isa = PBXShellScriptBuildPhase;
			buildActionMask = 2147483647;
			files = (
			);
			inputPaths = (
			);
			name = "[CP] Copy Pods Resources";
			outputPaths = (
			);
			runOnlyForDeploymentPostprocessing = 0;
			shellPath = /bin/sh;
			shellScript = "\"${SRCROOT}/Pods/Target Support Files/Pods-NewsDemo-swiftUITests/Pods-NewsDemo-swiftUITests-resources.sh\"\n";
			showEnvVarsInLog = 0;
		};
		0613599ADC753FC012E164A4 /* [CP] Check Pods Manifest.lock */ = {
			isa = PBXShellScriptBuildPhase;
			buildActionMask = 2147483647;
			files = (
			);
			inputPaths = (
			);
			name = "[CP] Check Pods Manifest.lock";
			outputPaths = (
			);
			runOnlyForDeploymentPostprocessing = 0;
			shellPath = /bin/sh;
			shellScript = "diff \"${PODS_ROOT}/../Podfile.lock\" \"${PODS_ROOT}/Manifest.lock\" > /dev/null\nif [[ $? != 0 ]] ; then\n    cat << EOM\nerror: The sandbox is not in sync with the Podfile.lock. Run 'pod install' or update your CocoaPods installation.\nEOM\n    exit 1\nfi\n";
			showEnvVarsInLog = 0;
		};
		25E44368DF68EC49790A6311 /* [CP] Embed Pods Frameworks */ = {
			isa = PBXShellScriptBuildPhase;
			buildActionMask = 2147483647;
			files = (
			);
			inputPaths = (
			);
			name = "[CP] Embed Pods Frameworks";
			outputPaths = (
			);
			runOnlyForDeploymentPostprocessing = 0;
			shellPath = /bin/sh;
			shellScript = "\"${SRCROOT}/Pods/Target Support Files/Pods-NewsDemo-swiftTests/Pods-NewsDemo-swiftTests-frameworks.sh\"\n";
			showEnvVarsInLog = 0;
		};
		299E692CAF0232F31CB7396F /* [CP] Embed Pods Frameworks */ = {
			isa = PBXShellScriptBuildPhase;
			buildActionMask = 2147483647;
			files = (
			);
			inputPaths = (
			);
			name = "[CP] Embed Pods Frameworks";
			outputPaths = (
			);
			runOnlyForDeploymentPostprocessing = 0;
			shellPath = /bin/sh;
			shellScript = "\"${SRCROOT}/Pods/Target Support Files/Pods-NewsDemo-swift/Pods-NewsDemo-swift-frameworks.sh\"\n";
			showEnvVarsInLog = 0;
		};
		5B9A4EACB7293D017A9C42DA /* [CP] Check Pods Manifest.lock */ = {
			isa = PBXShellScriptBuildPhase;
			buildActionMask = 2147483647;
			files = (
			);
			inputPaths = (
			);
			name = "[CP] Check Pods Manifest.lock";
			outputPaths = (
			);
			runOnlyForDeploymentPostprocessing = 0;
			shellPath = /bin/sh;
			shellScript = "diff \"${PODS_ROOT}/../Podfile.lock\" \"${PODS_ROOT}/Manifest.lock\" > /dev/null\nif [[ $? != 0 ]] ; then\n    cat << EOM\nerror: The sandbox is not in sync with the Podfile.lock. Run 'pod install' or update your CocoaPods installation.\nEOM\n    exit 1\nfi\n";
			showEnvVarsInLog = 0;
		};
		65A39F04F996346614241417 /* [CP] Check Pods Manifest.lock */ = {
			isa = PBXShellScriptBuildPhase;
			buildActionMask = 2147483647;
			files = (
			);
			inputPaths = (
			);
			name = "[CP] Check Pods Manifest.lock";
			outputPaths = (
			);
			runOnlyForDeploymentPostprocessing = 0;
			shellPath = /bin/sh;
			shellScript = "diff \"${PODS_ROOT}/../Podfile.lock\" \"${PODS_ROOT}/Manifest.lock\" > /dev/null\nif [[ $? != 0 ]] ; then\n    cat << EOM\nerror: The sandbox is not in sync with the Podfile.lock. Run 'pod install' or update your CocoaPods installation.\nEOM\n    exit 1\nfi\n";
			showEnvVarsInLog = 0;
		};
		7ED7583500B26664A7A08D48 /* [CP] Copy Pods Resources */ = {
			isa = PBXShellScriptBuildPhase;
			buildActionMask = 2147483647;
			files = (
			);
			inputPaths = (
			);
			name = "[CP] Copy Pods Resources";
			outputPaths = (
			);
			runOnlyForDeploymentPostprocessing = 0;
			shellPath = /bin/sh;
			shellScript = "\"${SRCROOT}/Pods/Target Support Files/Pods-NewsDemo-swift/Pods-NewsDemo-swift-resources.sh\"\n";
			showEnvVarsInLog = 0;
		};
		A7DCDC5ED3E17F2A88AEF0A6 /* [CP] Copy Pods Resources */ = {
			isa = PBXShellScriptBuildPhase;
			buildActionMask = 2147483647;
			files = (
			);
			inputPaths = (
			);
			name = "[CP] Copy Pods Resources";
			outputPaths = (
			);
			runOnlyForDeploymentPostprocessing = 0;
			shellPath = /bin/sh;
			shellScript = "\"${SRCROOT}/Pods/Target Support Files/Pods-NewsDemo-swiftTests/Pods-NewsDemo-swiftTests-resources.sh\"\n";
			showEnvVarsInLog = 0;
		};
/* End PBXShellScriptBuildPhase section */

/* Begin PBXSourcesBuildPhase section */
		DA24D1F41D40F422009E5E87 /* Sources */ = {
			isa = PBXSourcesBuildPhase;
			buildActionMask = 2147483647;
			files = (
				E1749D8E1D4205D700D78F9A /* TitleSegment.swift in Sources */,
				DA24D22D1D417F90009E5E87 /* DemoViewController.swift in Sources */,
				E1749D861D41A8A300D78F9A /* SnapTableViewCell.swift in Sources */,
				DA24D1FE1D40F423009E5E87 /* ViewController.swift in Sources */,
				E1749D881D41B39500D78F9A /* ImageTableViewCell.swift in Sources */,
				DA24D22F1D41809C009E5E87 /* TestViewController.swift in Sources */,
				E1749D8C1D41F43800D78F9A /* ScrollImageView.swift in Sources */,
				DA24D1FC1D40F423009E5E87 /* AppDelegate.swift in Sources */,
				E1749D8A1D41B3B700D78F9A /* SmallImageTableViewCell.swift in Sources */,
			);
			runOnlyForDeploymentPostprocessing = 0;
		};
		DA24D2081D40F423009E5E87 /* Sources */ = {
			isa = PBXSourcesBuildPhase;
			buildActionMask = 2147483647;
			files = (
				DA24D2111D40F423009E5E87 /* NewsDemo_swiftTests.swift in Sources */,
			);
			runOnlyForDeploymentPostprocessing = 0;
		};
		DA24D2131D40F423009E5E87 /* Sources */ = {
			isa = PBXSourcesBuildPhase;
			buildActionMask = 2147483647;
			files = (
				DA24D21C1D40F423009E5E87 /* NewsDemo_swiftUITests.swift in Sources */,
			);
			runOnlyForDeploymentPostprocessing = 0;
		};
/* End PBXSourcesBuildPhase section */

/* Begin PBXTargetDependency section */
		DA24D20E1D40F423009E5E87 /* PBXTargetDependency */ = {
			isa = PBXTargetDependency;
			target = DA24D1F71D40F422009E5E87 /* NewsDemo-swift */;
			targetProxy = DA24D20D1D40F423009E5E87 /* PBXContainerItemProxy */;
		};
		DA24D2191D40F423009E5E87 /* PBXTargetDependency */ = {
			isa = PBXTargetDependency;
			target = DA24D1F71D40F422009E5E87 /* NewsDemo-swift */;
			targetProxy = DA24D2181D40F423009E5E87 /* PBXContainerItemProxy */;
		};
/* End PBXTargetDependency section */

/* Begin PBXVariantGroup section */
		DA24D1FF1D40F423009E5E87 /* Main.storyboard */ = {
			isa = PBXVariantGroup;
			children = (
				DA24D2001D40F423009E5E87 /* Base */,
			);
			name = Main.storyboard;
			sourceTree = "<group>";
		};
		DA24D2041D40F423009E5E87 /* LaunchScreen.storyboard */ = {
			isa = PBXVariantGroup;
			children = (
				DA24D2051D40F423009E5E87 /* Base */,
			);
			name = LaunchScreen.storyboard;
			sourceTree = "<group>";
		};
/* End PBXVariantGroup section */

/* Begin XCBuildConfiguration section */
		DA24D21E1D40F423009E5E87 /* Debug */ = {
			isa = XCBuildConfiguration;
			buildSettings = {
				ALWAYS_SEARCH_USER_PATHS = NO;
				CLANG_ANALYZER_NONNULL = YES;
				CLANG_CXX_LANGUAGE_STANDARD = "gnu++0x";
				CLANG_CXX_LIBRARY = "libc++";
				CLANG_ENABLE_MODULES = YES;
				CLANG_ENABLE_OBJC_ARC = YES;
				CLANG_WARN_BOOL_CONVERSION = YES;
				CLANG_WARN_CONSTANT_CONVERSION = YES;
				CLANG_WARN_DIRECT_OBJC_ISA_USAGE = YES_ERROR;
				CLANG_WARN_EMPTY_BODY = YES;
				CLANG_WARN_ENUM_CONVERSION = YES;
				CLANG_WARN_INT_CONVERSION = YES;
				CLANG_WARN_OBJC_ROOT_CLASS = YES_ERROR;
				CLANG_WARN_UNREACHABLE_CODE = YES;
				CLANG_WARN__DUPLICATE_METHOD_MATCH = YES;
				"CODE_SIGN_IDENTITY[sdk=iphoneos*]" = "iPhone Developer";
				COPY_PHASE_STRIP = NO;
				DEBUG_INFORMATION_FORMAT = dwarf;
				ENABLE_STRICT_OBJC_MSGSEND = YES;
				ENABLE_TESTABILITY = YES;
				GCC_C_LANGUAGE_STANDARD = gnu99;
				GCC_DYNAMIC_NO_PIC = NO;
				GCC_NO_COMMON_BLOCKS = YES;
				GCC_OPTIMIZATION_LEVEL = 0;
				GCC_PREPROCESSOR_DEFINITIONS = (
					"DEBUG=1",
					"$(inherited)",
				);
				GCC_WARN_64_TO_32_BIT_CONVERSION = YES;
				GCC_WARN_ABOUT_RETURN_TYPE = YES_ERROR;
				GCC_WARN_UNDECLARED_SELECTOR = YES;
				GCC_WARN_UNINITIALIZED_AUTOS = YES_AGGRESSIVE;
				GCC_WARN_UNUSED_FUNCTION = YES;
				GCC_WARN_UNUSED_VARIABLE = YES;
				IPHONEOS_DEPLOYMENT_TARGET = 9.3;
				MTL_ENABLE_DEBUG_INFO = YES;
				ONLY_ACTIVE_ARCH = YES;
				SDKROOT = iphoneos;
				SWIFT_OPTIMIZATION_LEVEL = "-Onone";
			};
			name = Debug;
		};
		DA24D21F1D40F423009E5E87 /* Release */ = {
			isa = XCBuildConfiguration;
			buildSettings = {
				ALWAYS_SEARCH_USER_PATHS = NO;
				CLANG_ANALYZER_NONNULL = YES;
				CLANG_CXX_LANGUAGE_STANDARD = "gnu++0x";
				CLANG_CXX_LIBRARY = "libc++";
				CLANG_ENABLE_MODULES = YES;
				CLANG_ENABLE_OBJC_ARC = YES;
				CLANG_WARN_BOOL_CONVERSION = YES;
				CLANG_WARN_CONSTANT_CONVERSION = YES;
				CLANG_WARN_DIRECT_OBJC_ISA_USAGE = YES_ERROR;
				CLANG_WARN_EMPTY_BODY = YES;
				CLANG_WARN_ENUM_CONVERSION = YES;
				CLANG_WARN_INT_CONVERSION = YES;
				CLANG_WARN_OBJC_ROOT_CLASS = YES_ERROR;
				CLANG_WARN_UNREACHABLE_CODE = YES;
				CLANG_WARN__DUPLICATE_METHOD_MATCH = YES;
				"CODE_SIGN_IDENTITY[sdk=iphoneos*]" = "iPhone Developer";
				COPY_PHASE_STRIP = NO;
				DEBUG_INFORMATION_FORMAT = "dwarf-with-dsym";
				ENABLE_NS_ASSERTIONS = NO;
				ENABLE_STRICT_OBJC_MSGSEND = YES;
				GCC_C_LANGUAGE_STANDARD = gnu99;
				GCC_NO_COMMON_BLOCKS = YES;
				GCC_WARN_64_TO_32_BIT_CONVERSION = YES;
				GCC_WARN_ABOUT_RETURN_TYPE = YES_ERROR;
				GCC_WARN_UNDECLARED_SELECTOR = YES;
				GCC_WARN_UNINITIALIZED_AUTOS = YES_AGGRESSIVE;
				GCC_WARN_UNUSED_FUNCTION = YES;
				GCC_WARN_UNUSED_VARIABLE = YES;
				IPHONEOS_DEPLOYMENT_TARGET = 9.3;
				MTL_ENABLE_DEBUG_INFO = NO;
				SDKROOT = iphoneos;
				VALIDATE_PRODUCT = YES;
			};
			name = Release;
		};
		DA24D2211D40F423009E5E87 /* Debug */ = {
			isa = XCBuildConfiguration;
			baseConfigurationReference = E02BC2804F579D03DC83A95D /* Pods-NewsDemo-swift.debug.xcconfig */;
			buildSettings = {
				ASSETCATALOG_COMPILER_APPICON_NAME = AppIcon;
				INFOPLIST_FILE = "NewsDemo-swift/Info.plist";
				LD_RUNPATH_SEARCH_PATHS = "$(inherited) @executable_path/Frameworks";
				PRODUCT_BUNDLE_IDENTIFIER = "com.taove.NewsDemo-swift";
				PRODUCT_NAME = "$(TARGET_NAME)";
			};
			name = Debug;
		};
		DA24D2221D40F423009E5E87 /* Release */ = {
			isa = XCBuildConfiguration;
			baseConfigurationReference = E44AB9B90D16912E828AC6DE /* Pods-NewsDemo-swift.release.xcconfig */;
			buildSettings = {
				ASSETCATALOG_COMPILER_APPICON_NAME = AppIcon;
				INFOPLIST_FILE = "NewsDemo-swift/Info.plist";
				LD_RUNPATH_SEARCH_PATHS = "$(inherited) @executable_path/Frameworks";
				PRODUCT_BUNDLE_IDENTIFIER = "com.taove.NewsDemo-swift";
				PRODUCT_NAME = "$(TARGET_NAME)";
			};
			name = Release;
		};
		DA24D2241D40F423009E5E87 /* Debug */ = {
			isa = XCBuildConfiguration;
			baseConfigurationReference = 00EDED58C6AB473575E35D8F /* Pods-NewsDemo-swiftTests.debug.xcconfig */;
			buildSettings = {
				BUNDLE_LOADER = "$(TEST_HOST)";
				INFOPLIST_FILE = "NewsDemo-swiftTests/Info.plist";
				LD_RUNPATH_SEARCH_PATHS = "$(inherited) @executable_path/Frameworks @loader_path/Frameworks";
				PRODUCT_BUNDLE_IDENTIFIER = "com.taove.NewsDemo-swiftTests";
				PRODUCT_NAME = "$(TARGET_NAME)";
				TEST_HOST = "$(BUILT_PRODUCTS_DIR)/NewsDemo-swift.app/NewsDemo-swift";
			};
			name = Debug;
		};
		DA24D2251D40F423009E5E87 /* Release */ = {
			isa = XCBuildConfiguration;
			baseConfigurationReference = 3060B16B96735A7B1FAF62CA /* Pods-NewsDemo-swiftTests.release.xcconfig */;
			buildSettings = {
				BUNDLE_LOADER = "$(TEST_HOST)";
				INFOPLIST_FILE = "NewsDemo-swiftTests/Info.plist";
				LD_RUNPATH_SEARCH_PATHS = "$(inherited) @executable_path/Frameworks @loader_path/Frameworks";
				PRODUCT_BUNDLE_IDENTIFIER = "com.taove.NewsDemo-swiftTests";
				PRODUCT_NAME = "$(TARGET_NAME)";
				TEST_HOST = "$(BUILT_PRODUCTS_DIR)/NewsDemo-swift.app/NewsDemo-swift";
			};
			name = Release;
		};
		DA24D2271D40F423009E5E87 /* Debug */ = {
			isa = XCBuildConfiguration;
			baseConfigurationReference = 5CF22D3A63B02731CFDF44E8 /* Pods-NewsDemo-swiftUITests.debug.xcconfig */;
			buildSettings = {
				INFOPLIST_FILE = "NewsDemo-swiftUITests/Info.plist";
				LD_RUNPATH_SEARCH_PATHS = "$(inherited) @executable_path/Frameworks @loader_path/Frameworks";
				PRODUCT_BUNDLE_IDENTIFIER = "com.taove.NewsDemo-swiftUITests";
				PRODUCT_NAME = "$(TARGET_NAME)";
				TEST_TARGET_NAME = "NewsDemo-swift";
			};
			name = Debug;
		};
		DA24D2281D40F423009E5E87 /* Release */ = {
			isa = XCBuildConfiguration;
			baseConfigurationReference = 6377C7F79F23D7B227417C02 /* Pods-NewsDemo-swiftUITests.release.xcconfig */;
			buildSettings = {
				INFOPLIST_FILE = "NewsDemo-swiftUITests/Info.plist";
				LD_RUNPATH_SEARCH_PATHS = "$(inherited) @executable_path/Frameworks @loader_path/Frameworks";
				PRODUCT_BUNDLE_IDENTIFIER = "com.taove.NewsDemo-swiftUITests";
				PRODUCT_NAME = "$(TARGET_NAME)";
				TEST_TARGET_NAME = "NewsDemo-swift";
			};
			name = Release;
		};
/* End XCBuildConfiguration section */

/* Begin XCConfigurationList section */
		DA24D1F31D40F422009E5E87 /* Build configuration list for PBXProject "NewsDemo-swift" */ = {
			isa = XCConfigurationList;
			buildConfigurations = (
				DA24D21E1D40F423009E5E87 /* Debug */,
				DA24D21F1D40F423009E5E87 /* Release */,
			);
			defaultConfigurationIsVisible = 0;
			defaultConfigurationName = Release;
		};
		DA24D2201D40F423009E5E87 /* Build configuration list for PBXNativeTarget "NewsDemo-swift" */ = {
			isa = XCConfigurationList;
			buildConfigurations = (
				DA24D2211D40F423009E5E87 /* Debug */,
				DA24D2221D40F423009E5E87 /* Release */,
			);
			defaultConfigurationIsVisible = 0;
			defaultConfigurationName = Release;
		};
		DA24D2231D40F423009E5E87 /* Build configuration list for PBXNativeTarget "NewsDemo-swiftTests" */ = {
			isa = XCConfigurationList;
			buildConfigurations = (
				DA24D2241D40F423009E5E87 /* Debug */,
				DA24D2251D40F423009E5E87 /* Release */,
			);
			defaultConfigurationIsVisible = 0;
			defaultConfigurationName = Release;
		};
		DA24D2261D40F423009E5E87 /* Build configuration list for PBXNativeTarget "NewsDemo-swiftUITests" */ = {
			isa = XCConfigurationList;
			buildConfigurations = (
				DA24D2271D40F423009E5E87 /* Debug */,
				DA24D2281D40F423009E5E87 /* Release */,
			);
			defaultConfigurationIsVisible = 0;
			defaultConfigurationName = Release;
		};
/* End XCConfigurationList section */
	};
	rootObject = DA24D1F01D40F422009E5E87 /* Project object */;
}
